// !$*UTF8*$!
{
	archiveVersion = 1;
	classes = {
	};
	objectVersion = 56;
	objects = {

/* Begin PBXBuildFile section */
		185A29422A0D0B49009C2706 /* RocketScienceApp.swift in Sources */ = {isa = PBXBuildFile; fileRef = 185A29412A0D0B49009C2706 /* RocketScienceApp.swift */; };
		185A29442A0D0B49009C2706 /* RocketsListView.swift in Sources */ = {isa = PBXBuildFile; fileRef = 185A29432A0D0B49009C2706 /* RocketsListView.swift */; };
		185A29462A0D0B4B009C2706 /* Assets.xcassets in Resources */ = {isa = PBXBuildFile; fileRef = 185A29452A0D0B4B009C2706 /* Assets.xcassets */; };
		185A29492A0D0B4B009C2706 /* Preview Assets.xcassets in Resources */ = {isa = PBXBuildFile; fileRef = 185A29482A0D0B4B009C2706 /* Preview Assets.xcassets */; };
		185A29512A0D0D4A009C2706 /* Apollo in Frameworks */ = {isa = PBXBuildFile; productRef = 185A29502A0D0D4A009C2706 /* Apollo */; };
		185A29532A0D311A009C2706 /* GraphQL in Resources */ = {isa = PBXBuildFile; fileRef = 185A29522A0D311A009C2706 /* GraphQL */; };
		188D5FE22A0D4BB300512CAE /* SpaceXAPI in Frameworks */ = {isa = PBXBuildFile; productRef = 188D5FE12A0D4BB300512CAE /* SpaceXAPI */; };
		188D5FE42A0D4C4B00512CAE /* NetworkService.swift in Sources */ = {isa = PBXBuildFile; fileRef = 188D5FE32A0D4C4B00512CAE /* NetworkService.swift */; };
		188D5FE62A0D4EA700512CAE /* RocketsListViewModel.swift in Sources */ = {isa = PBXBuildFile; fileRef = 188D5FE52A0D4EA700512CAE /* RocketsListViewModel.swift */; };
		188D5FEA2A0D4F4B00512CAE /* RocketModel.swift in Sources */ = {isa = PBXBuildFile; fileRef = 188D5FE92A0D4F4B00512CAE /* RocketModel.swift */; };
		188D5FEC2A0E4A5300512CAE /* RocketView.swift in Sources */ = {isa = PBXBuildFile; fileRef = 188D5FEB2A0E4A5300512CAE /* RocketView.swift */; };
/* End PBXBuildFile section */

/* Begin PBXFileReference section */
		185A293E2A0D0B49009C2706 /* RocketScience.app */ = {isa = PBXFileReference; explicitFileType = wrapper.application; includeInIndex = 0; path = RocketScience.app; sourceTree = BUILT_PRODUCTS_DIR; };
		185A29412A0D0B49009C2706 /* RocketScienceApp.swift */ = {isa = PBXFileReference; lastKnownFileType = sourcecode.swift; path = RocketScienceApp.swift; sourceTree = "<group>"; };
		185A29432A0D0B49009C2706 /* RocketsListView.swift */ = {isa = PBXFileReference; lastKnownFileType = sourcecode.swift; path = RocketsListView.swift; sourceTree = "<group>"; };
		185A29452A0D0B4B009C2706 /* Assets.xcassets */ = {isa = PBXFileReference; lastKnownFileType = folder.assetcatalog; path = Assets.xcassets; sourceTree = "<group>"; };
		185A29482A0D0B4B009C2706 /* Preview Assets.xcassets */ = {isa = PBXFileReference; lastKnownFileType = folder.assetcatalog; path = "Preview Assets.xcassets"; sourceTree = "<group>"; };
		185A29522A0D311A009C2706 /* GraphQL */ = {isa = PBXFileReference; fileEncoding = 4; lastKnownFileType = text; path = GraphQL; sourceTree = SOURCE_ROOT; };
		188D5FE02A0D4BA500512CAE /* SpaceXAPI */ = {isa = PBXFileReference; lastKnownFileType = wrapper; path = SpaceXAPI; sourceTree = "<group>"; };
		188D5FE32A0D4C4B00512CAE /* NetworkService.swift */ = {isa = PBXFileReference; lastKnownFileType = sourcecode.swift; path = NetworkService.swift; sourceTree = "<group>"; };
		188D5FE52A0D4EA700512CAE /* RocketsListViewModel.swift */ = {isa = PBXFileReference; lastKnownFileType = sourcecode.swift; path = RocketsListViewModel.swift; sourceTree = "<group>"; };
		188D5FE92A0D4F4B00512CAE /* RocketModel.swift */ = {isa = PBXFileReference; lastKnownFileType = sourcecode.swift; path = RocketModel.swift; sourceTree = "<group>"; };
		188D5FEB2A0E4A5300512CAE /* RocketView.swift */ = {isa = PBXFileReference; lastKnownFileType = sourcecode.swift; name = RocketView.swift; path = ../../../../../../RocketView.swift; sourceTree = "<group>"; };
/* End PBXFileReference section */

/* Begin PBXFrameworksBuildPhase section */
		185A293B2A0D0B49009C2706 /* Frameworks */ = {
			isa = PBXFrameworksBuildPhase;
			buildActionMask = 2147483647;
			files = (
				185A29512A0D0D4A009C2706 /* Apollo in Frameworks */,
				188D5FE22A0D4BB300512CAE /* SpaceXAPI in Frameworks */,
			);
			runOnlyForDeploymentPostprocessing = 0;
		};
/* End PBXFrameworksBuildPhase section */

/* Begin PBXGroup section */
		185A29352A0D0B49009C2706 = {
			isa = PBXGroup;
			children = (
				185A29542A0D40E1009C2706 /* Packages */,
				185A29402A0D0B49009C2706 /* RocketScience */,
				185A293F2A0D0B49009C2706 /* Products */,
				1870376F2A0D44170009F900 /* Frameworks */,
			);
			sourceTree = "<group>";
		};
		185A293F2A0D0B49009C2706 /* Products */ = {
			isa = PBXGroup;
			children = (
				185A293E2A0D0B49009C2706 /* RocketScience.app */,
			);
			name = Products;
			sourceTree = "<group>";
		};
		185A29402A0D0B49009C2706 /* RocketScience */ = {
			isa = PBXGroup;
			children = (
				188D5FE82A0D4F4200512CAE /* Models */,
				185A29522A0D311A009C2706 /* GraphQL */,
				185A29412A0D0B49009C2706 /* RocketScienceApp.swift */,
				188D5FE72A0D4EB000512CAE /* RocketsList */,
				185A29452A0D0B4B009C2706 /* Assets.xcassets */,
				185A29472A0D0B4B009C2706 /* Preview Content */,
				188D5FE32A0D4C4B00512CAE /* NetworkService.swift */,
			);
			path = RocketScience;
			sourceTree = "<group>";
		};
		185A29472A0D0B4B009C2706 /* Preview Content */ = {
			isa = PBXGroup;
			children = (
				185A29482A0D0B4B009C2706 /* Preview Assets.xcassets */,
			);
			path = "Preview Content";
			sourceTree = "<group>";
		};
		185A29542A0D40E1009C2706 /* Packages */ = {
			isa = PBXGroup;
			children = (
				188D5FE02A0D4BA500512CAE /* SpaceXAPI */,
			);
			name = Packages;
			sourceTree = "<group>";
		};
		1870376F2A0D44170009F900 /* Frameworks */ = {
			isa = PBXGroup;
			children = (
			);
			name = Frameworks;
			sourceTree = "<group>";
		};
		188D5FE72A0D4EB000512CAE /* RocketsList */ = {
			isa = PBXGroup;
			children = (
				185A29432A0D0B49009C2706 /* RocketsListView.swift */,
				188D5FE52A0D4EA700512CAE /* RocketsListViewModel.swift */,
				188D5FEB2A0E4A5300512CAE /* RocketView.swift */,
			);
			path = RocketsList;
			sourceTree = "<group>";
		};
		188D5FE82A0D4F4200512CAE /* Models */ = {
			isa = PBXGroup;
			children = (
				188D5FE92A0D4F4B00512CAE /* RocketModel.swift */,
			);
			path = Models;
			sourceTree = "<group>";
		};
/* End PBXGroup section */

/* Begin PBXNativeTarget section */
		185A293D2A0D0B49009C2706 /* RocketScience */ = {
			isa = PBXNativeTarget;
			buildConfigurationList = 185A294C2A0D0B4B009C2706 /* Build configuration list for PBXNativeTarget "RocketScience" */;
			buildPhases = (
				185A293A2A0D0B49009C2706 /* Sources */,
				185A293B2A0D0B49009C2706 /* Frameworks */,
				185A293C2A0D0B49009C2706 /* Resources */,
			);
			buildRules = (
			);
			dependencies = (
			);
			name = RocketScience;
			packageProductDependencies = (
				185A29502A0D0D4A009C2706 /* Apollo */,
				188D5FE12A0D4BB300512CAE /* SpaceXAPI */,
			);
			productName = RocketScience;
			productReference = 185A293E2A0D0B49009C2706 /* RocketScience.app */;
			productType = "com.apple.product-type.application";
		};
/* End PBXNativeTarget section */

/* Begin PBXProject section */
		185A29362A0D0B49009C2706 /* Project object */ = {
			isa = PBXProject;
			attributes = {
				BuildIndependentTargetsInParallel = 1;
				LastSwiftUpdateCheck = 1400;
				LastUpgradeCheck = 1400;
				TargetAttributes = {
					185A293D2A0D0B49009C2706 = {
						CreatedOnToolsVersion = 14.0.1;
					};
				};
			};
			buildConfigurationList = 185A29392A0D0B49009C2706 /* Build configuration list for PBXProject "RocketScience" */;
			compatibilityVersion = "Xcode 14.0";
			developmentRegion = en;
			hasScannedForEncodings = 0;
			knownRegions = (
				en,
				Base,
			);
			mainGroup = 185A29352A0D0B49009C2706;
			packageReferences = (
				185A294F2A0D0D4A009C2706 /* XCRemoteSwiftPackageReference "apollo-ios" */,
			);
			productRefGroup = 185A293F2A0D0B49009C2706 /* Products */;
			projectDirPath = "";
			projectRoot = "";
			targets = (
				185A293D2A0D0B49009C2706 /* RocketScience */,
			);
		};
/* End PBXProject section */

/* Begin PBXResourcesBuildPhase section */
		185A293C2A0D0B49009C2706 /* Resources */ = {
			isa = PBXResourcesBuildPhase;
			buildActionMask = 2147483647;
			files = (
				185A29532A0D311A009C2706 /* GraphQL in Resources */,
				185A29492A0D0B4B009C2706 /* Preview Assets.xcassets in Resources */,
				185A29462A0D0B4B009C2706 /* Assets.xcassets in Resources */,
			);
			runOnlyForDeploymentPostprocessing = 0;
		};
/* End PBXResourcesBuildPhase section */

/* Begin PBXSourcesBuildPhase section */
		185A293A2A0D0B49009C2706 /* Sources */ = {
			isa = PBXSourcesBuildPhase;
			buildActionMask = 2147483647;
			files = (
				188D5FEC2A0E4A5300512CAE /* RocketView.swift in Sources */,
				188D5FE62A0D4EA700512CAE /* RocketsListViewModel.swift in Sources */,
				188D5FEA2A0D4F4B00512CAE /* RocketModel.swift in Sources */,
				185A29442A0D0B49009C2706 /* RocketsListView.swift in Sources */,
				188D5FE42A0D4C4B00512CAE /* NetworkService.swift in Sources */,
				185A29422A0D0B49009C2706 /* RocketScienceApp.swift in Sources */,
			);
			runOnlyForDeploymentPostprocessing = 0;
		};
/* End PBXSourcesBuildPhase section */

/* Begin XCBuildConfiguration section */
		185A294A2A0D0B4B009C2706 /* Debug */ = {
			isa = XCBuildConfiguration;
			buildSettings = {
				ALWAYS_SEARCH_USER_PATHS = NO;
				CLANG_ANALYZER_NONNULL = YES;
				CLANG_ANALYZER_NUMBER_OBJECT_CONVERSION = YES_AGGRESSIVE;
				CLANG_CXX_LANGUAGE_STANDARD = "gnu++20";
				CLANG_ENABLE_MODULES = YES;
				CLANG_ENABLE_OBJC_ARC = YES;
				CLANG_ENABLE_OBJC_WEAK = YES;
				CLANG_WARN_BLOCK_CAPTURE_AUTORELEASING = YES;
				CLANG_WARN_BOOL_CONVERSION = YES;
				CLANG_WARN_COMMA = YES;
				CLANG_WARN_CONSTANT_CONVERSION = YES;
				CLANG_WARN_DEPRECATED_OBJC_IMPLEMENTATIONS = YES;
				CLANG_WARN_DIRECT_OBJC_ISA_USAGE = YES_ERROR;
				CLANG_WARN_DOCUMENTATION_COMMENTS = YES;
				CLANG_WARN_EMPTY_BODY = YES;
				CLANG_WARN_ENUM_CONVERSION = YES;
				CLANG_WARN_INFINITE_RECURSION = YES;
				CLANG_WARN_INT_CONVERSION = YES;
				CLANG_WARN_NON_LITERAL_NULL_CONVERSION = YES;
				CLANG_WARN_OBJC_IMPLICIT_RETAIN_SELF = YES;
				CLANG_WARN_OBJC_LITERAL_CONVERSION = YES;
				CLANG_WARN_OBJC_ROOT_CLASS = YES_ERROR;
				CLANG_WARN_QUOTED_INCLUDE_IN_FRAMEWORK_HEADER = YES;
				CLANG_WARN_RANGE_LOOP_ANALYSIS = YES;
				CLANG_WARN_STRICT_PROTOTYPES = YES;
				CLANG_WARN_SUSPICIOUS_MOVE = YES;
				CLANG_WARN_UNGUARDED_AVAILABILITY = YES_AGGRESSIVE;
				CLANG_WARN_UNREACHABLE_CODE = YES;
				CLANG_WARN__DUPLICATE_METHOD_MATCH = YES;
				COPY_PHASE_STRIP = NO;
				DEBUG_INFORMATION_FORMAT = dwarf;
				ENABLE_STRICT_OBJC_MSGSEND = YES;
				ENABLE_TESTABILITY = YES;
				GCC_C_LANGUAGE_STANDARD = gnu11;
				GCC_DYNAMIC_NO_PIC = NO;
				GCC_NO_COMMON_BLOCKS = YES;
				GCC_OPTIMIZATION_LEVEL = 0;
				GCC_PREPROCESSOR_DEFINITIONS = (
					"DEBUG=1",
					"$(inherited)",
				);
				GCC_WARN_64_TO_32_BIT_CONVERSION = YES;
				GCC_WARN_ABOUT_RETURN_TYPE = YES_ERROR;
				GCC_WARN_UNDECLARED_SELECTOR = YES;
				GCC_WARN_UNINITIALIZED_AUTOS = YES_AGGRESSIVE;
				GCC_WARN_UNUSED_FUNCTION = YES;
				GCC_WARN_UNUSED_VARIABLE = YES;
				IPHONEOS_DEPLOYMENT_TARGET = 16.0;
				MTL_ENABLE_DEBUG_INFO = INCLUDE_SOURCE;
				MTL_FAST_MATH = YES;
				ONLY_ACTIVE_ARCH = YES;
				SDKROOT = iphoneos;
				SWIFT_ACTIVE_COMPILATION_CONDITIONS = DEBUG;
				SWIFT_OPTIMIZATION_LEVEL = "-Onone";
			};
			name = Debug;
		};
		185A294B2A0D0B4B009C2706 /* Release */ = {
			isa = XCBuildConfiguration;
			buildSettings = {
				ALWAYS_SEARCH_USER_PATHS = NO;
				CLANG_ANALYZER_NONNULL = YES;
				CLANG_ANALYZER_NUMBER_OBJECT_CONVERSION = YES_AGGRESSIVE;
				CLANG_CXX_LANGUAGE_STANDARD = "gnu++20";
				CLANG_ENABLE_MODULES = YES;
				CLANG_ENABLE_OBJC_ARC = YES;
				CLANG_ENABLE_OBJC_WEAK = YES;
				CLANG_WARN_BLOCK_CAPTURE_AUTORELEASING = YES;
				CLANG_WARN_BOOL_CONVERSION = YES;
				CLANG_WARN_COMMA = YES;
				CLANG_WARN_CONSTANT_CONVERSION = YES;
				CLANG_WARN_DEPRECATED_OBJC_IMPLEMENTATIONS = YES;
				CLANG_WARN_DIRECT_OBJC_ISA_USAGE = YES_ERROR;
				CLANG_WARN_DOCUMENTATION_COMMENTS = YES;
				CLANG_WARN_EMPTY_BODY = YES;
				CLANG_WARN_ENUM_CONVERSION = YES;
				CLANG_WARN_INFINITE_RECURSION = YES;
				CLANG_WARN_INT_CONVERSION = YES;
				CLANG_WARN_NON_LITERAL_NULL_CONVERSION = YES;
				CLANG_WARN_OBJC_IMPLICIT_RETAIN_SELF = YES;
				CLANG_WARN_OBJC_LITERAL_CONVERSION = YES;
				CLANG_WARN_OBJC_ROOT_CLASS = YES_ERROR;
				CLANG_WARN_QUOTED_INCLUDE_IN_FRAMEWORK_HEADER = YES;
				CLANG_WARN_RANGE_LOOP_ANALYSIS = YES;
				CLANG_WARN_STRICT_PROTOTYPES = YES;
				CLANG_WARN_SUSPICIOUS_MOVE = YES;
				CLANG_WARN_UNGUARDED_AVAILABILITY = YES_AGGRESSIVE;
				CLANG_WARN_UNREACHABLE_CODE = YES;
				CLANG_WARN__DUPLICATE_METHOD_MATCH = YES;
				COPY_PHASE_STRIP = NO;
				DEBUG_INFORMATION_FORMAT = "dwarf-with-dsym";
				ENABLE_NS_ASSERTIONS = NO;
				ENABLE_STRICT_OBJC_MSGSEND = YES;
				GCC_C_LANGUAGE_STANDARD = gnu11;
				GCC_NO_COMMON_BLOCKS = YES;
				GCC_WARN_64_TO_32_BIT_CONVERSION = YES;
				GCC_WARN_ABOUT_RETURN_TYPE = YES_ERROR;
				GCC_WARN_UNDECLARED_SELECTOR = YES;
				GCC_WARN_UNINITIALIZED_AUTOS = YES_AGGRESSIVE;
				GCC_WARN_UNUSED_FUNCTION = YES;
				GCC_WARN_UNUSED_VARIABLE = YES;
				IPHONEOS_DEPLOYMENT_TARGET = 16.0;
				MTL_ENABLE_DEBUG_INFO = NO;
				MTL_FAST_MATH = YES;
				SDKROOT = iphoneos;
				SWIFT_COMPILATION_MODE = wholemodule;
				SWIFT_OPTIMIZATION_LEVEL = "-O";
				VALIDATE_PRODUCT = YES;
			};
			name = Release;
		};
		185A294D2A0D0B4B009C2706 /* Debug */ = {
			isa = XCBuildConfiguration;
			buildSettings = {
				ASSETCATALOG_COMPILER_APPICON_NAME = AppIcon;
				ASSETCATALOG_COMPILER_GLOBAL_ACCENT_COLOR_NAME = AccentColor;
				CODE_SIGN_STYLE = Automatic;
				CURRENT_PROJECT_VERSION = 1;
				DEVELOPMENT_ASSET_PATHS = "\"RocketScience/Preview Content\"";
				DEVELOPMENT_TEAM = 84DXJF9WZG;
				ENABLE_PREVIEWS = YES;
				GENERATE_INFOPLIST_FILE = YES;
				INFOPLIST_KEY_UIApplicationSceneManifest_Generation = YES;
				INFOPLIST_KEY_UIApplicationSupportsIndirectInputEvents = YES;
				INFOPLIST_KEY_UILaunchScreen_Generation = YES;
				INFOPLIST_KEY_UISupportedInterfaceOrientations_iPad = "UIInterfaceOrientationPortrait UIInterfaceOrientationPortraitUpsideDown UIInterfaceOrientationLandscapeLeft UIInterfaceOrientationLandscapeRight";
				INFOPLIST_KEY_UISupportedInterfaceOrientations_iPhone = "UIInterfaceOrientationPortrait UIInterfaceOrientationLandscapeLeft UIInterfaceOrientationLandscapeRight";
				LD_RUNPATH_SEARCH_PATHS = (
					"$(inherited)",
					"@executable_path/Frameworks",
				);
				MARKETING_VERSION = 1.0;
				PRODUCT_BUNDLE_IDENTIFIER = com.itechart.RocketScience;
				PRODUCT_NAME = "$(TARGET_NAME)";
				SWIFT_EMIT_LOC_STRINGS = YES;
				SWIFT_VERSION = 5.0;
				TARGETED_DEVICE_FAMILY = "1,2";
			};
			name = Debug;
		};
		185A294E2A0D0B4B009C2706 /* Release */ = {
			isa = XCBuildConfiguration;
			buildSettings = {
				ASSETCATALOG_COMPILER_APPICON_NAME = AppIcon;
				ASSETCATALOG_COMPILER_GLOBAL_ACCENT_COLOR_NAME = AccentColor;
				CODE_SIGN_STYLE = Automatic;
				CURRENT_PROJECT_VERSION = 1;
				DEVELOPMENT_ASSET_PATHS = "\"RocketScience/Preview Content\"";
				DEVELOPMENT_TEAM = 84DXJF9WZG;
				ENABLE_PREVIEWS = YES;
				GENERATE_INFOPLIST_FILE = YES;
				INFOPLIST_KEY_UIApplicationSceneManifest_Generation = YES;
				INFOPLIST_KEY_UIApplicationSupportsIndirectInputEvents = YES;
				INFOPLIST_KEY_UILaunchScreen_Generation = YES;
				INFOPLIST_KEY_UISupportedInterfaceOrientations_iPad = "UIInterfaceOrientationPortrait UIInterfaceOrientationPortraitUpsideDown UIInterfaceOrientationLandscapeLeft UIInterfaceOrientationLandscapeRight";
				INFOPLIST_KEY_UISupportedInterfaceOrientations_iPhone = "UIInterfaceOrientationPortrait UIInterfaceOrientationLandscapeLeft UIInterfaceOrientationLandscapeRight";
				LD_RUNPATH_SEARCH_PATHS = (
					"$(inherited)",
					"@executable_path/Frameworks",
				);
				MARKETING_VERSION = 1.0;
				PRODUCT_BUNDLE_IDENTIFIER = com.itechart.RocketScience;
				PRODUCT_NAME = "$(TARGET_NAME)";
				SWIFT_EMIT_LOC_STRINGS = YES;
				SWIFT_VERSION = 5.0;
				TARGETED_DEVICE_FAMILY = "1,2";
			};
			name = Release;
		};
/* End XCBuildConfiguration section */

/* Begin XCConfigurationList section */
		185A29392A0D0B49009C2706 /* Build configuration list for PBXProject "RocketScience" */ = {
			isa = XCConfigurationList;
			buildConfigurations = (
				185A294A2A0D0B4B009C2706 /* Debug */,
				185A294B2A0D0B4B009C2706 /* Release */,
			);
			defaultConfigurationIsVisible = 0;
			defaultConfigurationName = Release;
		};
		185A294C2A0D0B4B009C2706 /* Build configuration list for PBXNativeTarget "RocketScience" */ = {
			isa = XCConfigurationList;
			buildConfigurations = (
				185A294D2A0D0B4B009C2706 /* Debug */,
				185A294E2A0D0B4B009C2706 /* Release */,
			);
			defaultConfigurationIsVisible = 0;
			defaultConfigurationName = Release;
		};
/* End XCConfigurationList section */

/* Begin XCRemoteSwiftPackageReference section */
		185A294F2A0D0D4A009C2706 /* XCRemoteSwiftPackageReference "apollo-ios" */ = {
			isa = XCRemoteSwiftPackageReference;
			repositoryURL = "git@github.com:apollographql/apollo-ios.git";
			requirement = {
				kind = upToNextMinorVersion;
				minimumVersion = 1.1.3;
			};
		};
/* End XCRemoteSwiftPackageReference section */

/* Begin XCSwiftPackageProductDependency section */
		185A29502A0D0D4A009C2706 /* Apollo */ = {
			isa = XCSwiftPackageProductDependency;
			package = 185A294F2A0D0D4A009C2706 /* XCRemoteSwiftPackageReference "apollo-ios" */;
			productName = Apollo;
		};
		188D5FE12A0D4BB300512CAE /* SpaceXAPI */ = {
			isa = XCSwiftPackageProductDependency;
			productName = SpaceXAPI;
		};
/* End XCSwiftPackageProductDependency section */
	};
	rootObject = 185A29362A0D0B49009C2706 /* Project object */;
}
